{
  "nodes": {
    "flutter-haskell-bridge": {
      "inputs": {
        "nixpkgs": "nixpkgs",
        "th-cross": "th-cross"
      },
      "locked": {
        "lastModified": 1786802995,
        "narHash": "sha256-MVR+t8raOebDvFsbvSgBY0epwTt+pv3XavQEnRsZao8=",
        "owner": "alexd1971",
        "repo": "flutter-haskell-bridge",
        "rev": "7e96f8dc473399744959b8fd9766e6773a0366b2",
        "type": "github"
      },
      "original": {
        "owner": "alexd1971",
        "repo": "flutter-haskell-bridge",
        "type": "github"
      }
    },
    "haskell-ffi-th": {
      "inputs": {
        "nixpkgs": [
          "nixpkgs"
        ]
      },
      "locked": {
        "lastModified": 1786132922,
        "narHash": "sha256-N30HPoKBY10eCSBjV3mh+hMpvQILOI+iLclysGuhLwg=",
        "owner": "alexd1971",
        "repo": "haskell-ffi-th",
        "rev": "de6b0466c9a9395e855159aca8cce423c5320ba8",
        "type": "github"
      },
      "original": {
        "owner": "alexd1971",
        "repo": "haskell-ffi-th",
        "type": "github"
      }
    },
    "nixpkgs": {
      "locked": {
        "lastModified": 1785571196,
        "narHash": "sha256-KoTsyMQqnXQZq8deCEnu4QkyldkwH/bpMMhUcfMdGIw=",
        "owner": "NixOS",
        "repo": "nixpkgs",
        "rev": "148bab9c1c3c53136ecb44a6ea356a0ed5b39b06",
        "type": "github"
      },
      "original": {
        "owner": "NixOS",
        "ref": "nixos-unstable",
        "repo": "nixpkgs",
        "type": "github"
      }
    },
    "nixpkgs_2": {
      "locked": {
        "lastModified": 1784120854,
        "narHash": "sha256-KesHgItiZPgGX740axSiQLcIQ8D24MDqNpkKYWIek8k=",
        "owner": "NixOS",
        "repo": "nixpkgs",
        "rev": "753cc8a3a87467296ddd1fa93f0cc3e81120ee46",
        "type": "github"
      },
      "original": {
        "owner": "NixOS",
        "ref": "nixos-unstable",
        "repo": "nixpkgs",
        "type": "github"
      }
    },
    "root": {
      "inputs": {
        "flutter-haskell-bridge": "flutter-haskell-bridge",
        "haskell-ffi-th": "haskell-ffi-th",
        "nixpkgs": [
          "flutter-haskell-bridge",
          "nixpkgs"
        ],
        "th-cross": [
          "flutter-haskell-bridge",
          "th-cross"
        ]
      }
    },
    "th-cross": {
      "inputs": {
        "nixpkgs": "nixpkgs_2"
      },
      "locked": {
        "lastModified": 1786559404,
        "narHash": "sha256-PfVwokCoxw/kA2bDXilJXP0pHq0Yc9FozcV1x2rMvFw=",
        "owner": "alexd1971",
        "repo": "template-haskell-cross",
        "rev": "8db816da7e24c44cc6899d73bf5c5b74710942d7",
        "type": "github"
      },
      "original": {
        "owner": "alexd1971",
        "repo": "template-haskell-cross",
        "type": "github"
      }
    }
  },
  "root": "root",
  "version": 7
}
